// !$*UTF8*$!
{
	archiveVersion = 1;
	classes = {
	};
	objectVersion = 50;
	objects = {

/* Begin PBXBuildFile section */
		A664E2372254EAC3003A349C /* AppDelegate.swift in Sources */ = {isa = PBXBuildFile; fileRef = A664E2362254EAC3003A349C /* AppDelegate.swift */; };
		A664E2392254EAC3003A349C /* AddBithdayViewController.swift in Sources */ = {isa = PBXBuildFile; fileRef = A664E2382254EAC3003A349C /* AddBithdayViewController.swift */; };
		A664E23C2254EAC3003A349C /* Main.storyboard in Resources */ = {isa = PBXBuildFile; fileRef = A664E23A2254EAC3003A349C /* Main.storyboard */; };
		A664E23F2254EAC3003A349C /* BirthdayTracker.xcdatamodeld in Sources */ = {isa = PBXBuildFile; fileRef = A664E23D2254EAC3003A349C /* BirthdayTracker.xcdatamodeld */; };
		A664E2412254EAC5003A349C /* Assets.xcassets in Resources */ = {isa = PBXBuildFile; fileRef = A664E2402254EAC5003A349C /* Assets.xcassets */; };
		A664E2442254EAC5003A349C /* LaunchScreen.storyboard in Resources */ = {isa = PBXBuildFile; fileRef = A664E2422254EAC5003A349C /* LaunchScreen.storyboard */; };
		A6A222AF226A5BB300049C6A /* BirthdaysTableViewController.swift in Sources */ = {isa = PBXBuildFile; fileRef = A6A222AE226A5BB300049C6A /* BirthdaysTableViewController.swift */; };
/* End PBXBuildFile section */

/* Begin PBXFileReference section */
		A664E2332254EAC3003A349C /* BirthdayTracker.app */ = {isa = PBXFileReference; explicitFileType = wrapper.application; includeInIndex = 0; path = BirthdayTracker.app; sourceTree = BUILT_PRODUCTS_DIR; };
		A664E2362254EAC3003A349C /* AppDelegate.swift */ = {isa = PBXFileReference; lastKnownFileType = sourcecode.swift; path = AppDelegate.swift; sourceTree = "<group>"; };
		A664E2382254EAC3003A349C /* AddBithdayViewController.swift */ = {isa = PBXFileReference; lastKnownFileType = sourcecode.swift; path = AddBithdayViewController.swift; sourceTree = "<group>"; };
		A664E23B2254EAC3003A349C /* Base */ = {isa = PBXFileReference; lastKnownFileType = file.storyboard; name = Base; path = Base.lproj/Main.storyboard; sourceTree = "<group>"; };
		A664E23E2254EAC3003A349C /* BirthdayTracker.xcdatamodel */ = {isa = PBXFileReference; lastKnownFileType = wrapper.xcdatamodel; path = BirthdayTracker.xcdatamodel; sourceTree = "<group>"; };
		A664E2402254EAC5003A349C /* Assets.xcassets */ = {isa = PBXFileReference; lastKnownFileType = folder.assetcatalog; path = Assets.xcassets; sourceTree = "<group>"; };
		A664E2432254EAC5003A349C /* Base */ = {isa = PBXFileReference; lastKnownFileType = file.storyboard; name = Base; path = Base.lproj/LaunchScreen.storyboard; sourceTree = "<group>"; };
		A664E2452254EAC5003A349C /* Info.plist */ = {isa = PBXFileReference; lastKnownFileType = text.plist.xml; path = Info.plist; sourceTree = "<group>"; };
		A6A222AE226A5BB300049C6A /* BirthdaysTableViewController.swift */ = {isa = PBXFileReference; lastKnownFileType = sourcecode.swift; path = BirthdaysTableViewController.swift; sourceTree = "<group>"; };
/* End PBXFileReference section */

/* Begin PBXFrameworksBuildPhase section */
		A664E2302254EAC3003A349C /* Frameworks */ = {
			isa = PBXFrameworksBuildPhase;
			buildActionMask = 2147483647;
			files = (
			);
			runOnlyForDeploymentPostprocessing = 0;
		};
/* End PBXFrameworksBuildPhase section */

/* Begin PBXGroup section */
		A664E22A2254EAC3003A349C = {
			isa = PBXGroup;
			children = (
				A664E2352254EAC3003A349C /* BirthdayTracker */,
				A664E2342254EAC3003A349C /* Products */,
			);
			sourceTree = "<group>";
		};
		A664E2342254EAC3003A349C /* Products */ = {
			isa = PBXGroup;
			children = (
				A664E2332254EAC3003A349C /* BirthdayTracker.app */,
			);
			name = Products;
			sourceTree = "<group>";
		};
		A664E2352254EAC3003A349C /* BirthdayTracker */ = {
			isa = PBXGroup;
			children = (
				A664E2362254EAC3003A349C /* AppDelegate.swift */,
				A664E2382254EAC3003A349C /* AddBithdayViewController.swift */,
				A664E23A2254EAC3003A349C /* Main.storyboard */,
				A664E2402254EAC5003A349C /* Assets.xcassets */,
				A664E2422254EAC5003A349C /* LaunchScreen.storyboard */,
				A664E2452254EAC5003A349C /* Info.plist */,
				A664E23D2254EAC3003A349C /* BirthdayTracker.xcdatamodeld */,
				A6A222AE226A5BB300049C6A /* BirthdaysTableViewController.swift */,
			);
			path = BirthdayTracker;
			sourceTree = "<group>";
		};
/* End PBXGroup section */

/* Begin PBXNativeTarget section */
		A664E2322254EAC3003A349C /* BirthdayTracker */ = {
			isa = PBXNativeTarget;
			buildConfigurationList = A664E2482254EAC5003A349C /* Build configuration list for PBXNativeTarget "BirthdayTracker" */;
			buildPhases = (
				A664E22F2254EAC3003A349C /* Sources */,
				A664E2302254EAC3003A349C /* Frameworks */,
				A664E2312254EAC3003A349C /* Resources */,
			);
			buildRules = (
			);
			dependencies = (
			);
			name = BirthdayTracker;
			productName = BirthdayTracker;
			productReference = A664E2332254EAC3003A349C /* BirthdayTracker.app */;
			productType = "com.apple.product-type.application";
		};
/* End PBXNativeTarget section */

/* Begin PBXProject section */
		A664E22B2254EAC3003A349C /* Project object */ = {
			isa = PBXProject;
			attributes = {
				LastSwiftUpdateCheck = 1010;
				LastUpgradeCheck = 1010;
				ORGANIZATIONNAME = chvorda;
				TargetAttributes = {
					A664E2322254EAC3003A349C = {
						CreatedOnToolsVersion = 10.1;
					};
				};
			};
			buildConfigurationList = A664E22E2254EAC3003A349C /* Build configuration list for PBXProject "BirthdayTracker" */;
			compatibilityVersion = "Xcode 9.3";
			developmentRegion = en;
			hasScannedForEncodings = 0;
			knownRegions = (
				en,
				Base,
			);
			mainGroup = A664E22A2254EAC3003A349C;
			productRefGroup = A664E2342254EAC3003A349C /* Products */;
			projectDirPath = "";
			projectRoot = "";
			targets = (
				A664E2322254EAC3003A349C /* BirthdayTracker */,
			);
		};
/* End PBXProject section */

/* Begin PBXResourcesBuildPhase section */
		A664E2312254EAC3003A349C /* Resources */ = {
			isa = PBXResourcesBuildPhase;
			buildActionMask = 2147483647;
			files = (
				A664E2442254EAC5003A349C /* LaunchScreen.storyboard in Resources */,
				A664E2412254EAC5003A349C /* Assets.xcassets in Resources */,
				A664E23C2254EAC3003A349C /* Main.storyboard in Resources */,
			);
			runOnlyForDeploymentPostprocessing = 0;
		};
/* End PBXResourcesBuildPhase section */

/* Begin PBXSourcesBuildPhase section */
		A664E22F2254EAC3003A349C /* Sources */ = {
			isa = PBXSourcesBuildPhase;
			buildActionMask = 2147483647;
			files = (
				A6A222AF226A5BB300049C6A /* BirthdaysTableViewController.swift in Sources */,
				A664E2392254EAC3003A349C /* AddBithdayViewController.swift in Sources */,
				A664E23F2254EAC3003A349C /* BirthdayTracker.xcdatamodeld in Sources */,
				A664E2372254EAC3003A349C /* AppDelegate.swift in Sources */,
			);
			runOnlyForDeploymentPostprocessing = 0;
		};
/* End PBXSourcesBuildPhase section */

/* Begin PBXVariantGroup section */
		A664E23A2254EAC3003A349C /* Main.storyboard */ = {
			isa = PBXVariantGroup;
			children = (
				A664E23B2254EAC3003A349C /* Base */,
			);
			name = Main.storyboard;
			sourceTree = "<group>";
		};
		A664E2422254EAC5003A349C /* LaunchScreen.storyboard */ = {
			isa = PBXVariantGroup;
			children = (
				A664E2432254EAC5003A349C /* Base */,
			);
			name = LaunchScreen.storyboard;
			sourceTree = "<group>";
		};
/* End PBXVariantGroup section */

/* Begin XCBuildConfiguration section */
		A664E2462254EAC5003A349C /* Debug */ = {
			isa = XCBuildConfiguration;
			buildSettings = {
				ALWAYS_SEARCH_USER_PATHS = NO;
				CLANG_ANALYZER_NONNULL = YES;
				CLANG_ANALYZER_NUMBER_OBJECT_CONVERSION = YES_AGGRESSIVE;
				CLANG_CXX_LANGUAGE_STANDARD = "gnu++14";
				CLANG_CXX_LIBRARY = "libc++";
				CLANG_ENABLE_MODULES = YES;
				CLANG_ENABLE_OBJC_ARC = YES;
				CLANG_ENABLE_OBJC_WEAK = YES;
				CLANG_WARN_BLOCK_CAPTURE_AUTORELEASING = YES;
				CLANG_WARN_BOOL_CONVERSION = YES;
				CLANG_WARN_COMMA = YES;
				CLANG_WARN_CONSTANT_CONVERSION = YES;
				CLANG_WARN_DEPRECATED_OBJC_IMPLEMENTATIONS = YES;
				CLANG_WARN_DIRECT_OBJC_ISA_USAGE = YES_ERROR;
				CLANG_WARN_DOCUMENTATION_COMMENTS = YES;
				CLANG_WARN_EMPTY_BODY = YES;
				CLANG_WARN_ENUM_CONVERSION = YES;
				CLANG_WARN_INFINITE_RECURSION = YES;
				CLANG_WARN_INT_CONVERSION = YES;
				CLANG_WARN_NON_LITERAL_NULL_CONVERSION = YES;
				CLANG_WARN_OBJC_IMPLICIT_RETAIN_SELF = YES;
				CLANG_WARN_OBJC_LITERAL_CONVERSION = YES;
				CLANG_WARN_OBJC_ROOT_CLASS = YES_ERROR;
				CLANG_WARN_RANGE_LOOP_ANALYSIS = YES;
				CLANG_WARN_STRICT_PROTOTYPES = YES;
				CLANG_WARN_SUSPICIOUS_MOVE = YES;
				CLANG_WARN_UNGUARDED_AVAILABILITY = YES_AGGRESSIVE;
				CLANG_WARN_UNREACHABLE_CODE = YES;
				CLANG_WARN__DUPLICATE_METHOD_MATCH = YES;
				CODE_SIGN_IDENTITY = "iPhone Developer";
				COPY_PHASE_STRIP = NO;
				DEBUG_INFORMATION_FORMAT = dwarf;
				ENABLE_STRICT_OBJC_MSGSEND = YES;
				ENABLE_TESTABILITY = YES;
				GCC_C_LANGUAGE_STANDARD = gnu11;
				GCC_DYNAMIC_NO_PIC = NO;
				GCC_NO_COMMON_BLOCKS = YES;
				GCC_OPTIMIZATION_LEVEL = 0;
				GCC_PREPROCESSOR_DEFINITIONS = (
					"DEBUG=1",
					"$(inherited)",
				);
				GCC_WARN_64_TO_32_BIT_CONVERSION = YES;
				GCC_WARN_ABOUT_RETURN_TYPE = YES_ERROR;
				GCC_WARN_UNDECLARED_SELECTOR = YES;
				GCC_WARN_UNINITIALIZED_AUTOS = YES_AGGRESSIVE;
				GCC_WARN_UNUSED_FUNCTION = YES;
				GCC_WARN_UNUSED_VARIABLE = YES;
				IPHONEOS_DEPLOYMENT_TARGET = 12.1;
				MTL_ENABLE_DEBUG_INFO = INCLUDE_SOURCE;
				MTL_FAST_MATH = YES;
				ONLY_ACTIVE_ARCH = YES;
				SDKROOT = iphoneos;
				SWIFT_ACTIVE_COMPILATION_CONDITIONS = DEBUG;
				SWIFT_OPTIMIZATION_LEVEL = "-Onone";
			};
			name = Debug;
		};
		A664E2472254EAC5003A349C /* Release */ = {
			isa = XCBuildConfiguration;
			buildSettings = {
				ALWAYS_SEARCH_USER_PATHS = NO;
				CLANG_ANALYZER_NONNULL = YES;
				CLANG_ANALYZER_NUMBER_OBJECT_CONVERSION = YES_AGGRESSIVE;
				CLANG_CXX_LANGUAGE_STANDARD = "gnu++14";
				CLANG_CXX_LIBRARY = "libc++";
				CLANG_ENABLE_MODULES = YES;
				CLANG_ENABLE_OBJC_ARC = YES;
				CLANG_ENABLE_OBJC_WEAK = YES;
				CLANG_WARN_BLOCK_CAPTURE_AUTORELEASING = YES;
				CLANG_WARN_BOOL_CONVERSION = YES;
				CLANG_WARN_COMMA = YES;
				CLANG_WARN_CONSTANT_CONVERSION = YES;
				CLANG_WARN_DEPRECATED_OBJC_IMPLEMENTATIONS = YES;
				CLANG_WARN_DIRECT_OBJC_ISA_USAGE = YES_ERROR;
				CLANG_WARN_DOCUMENTATION_COMMENTS = YES;
				CLANG_WARN_EMPTY_BODY = YES;
				CLANG_WARN_ENUM_CONVERSION = YES;
				CLANG_WARN_INFINITE_RECURSION = YES;
				CLANG_WARN_INT_CONVERSION = YES;
				CLANG_WARN_NON_LITERAL_NULL_CONVERSION = YES;
				CLANG_WARN_OBJC_IMPLICIT_RETAIN_SELF = YES;
				CLANG_WARN_OBJC_LITERAL_CONVERSION = YES;
				CLANG_WARN_OBJC_ROOT_CLASS = YES_ERROR;
				CLANG_WARN_RANGE_LOOP_ANALYSIS = YES;
				CLANG_WARN_STRICT_PROTOTYPES = YES;
				CLANG_WARN_SUSPICIOUS_MOVE = YES;
				CLANG_WARN_UNGUARDED_AVAILABILITY = YES_AGGRESSIVE;
				CLANG_WARN_UNREACHABLE_CODE = YES;
				CLANG_WARN__DUPLICATE_METHOD_MATCH = YES;
				CODE_SIGN_IDENTITY = "iPhone Developer";
				COPY_PHASE_STRIP = NO;
				DEBUG_INFORMATION_FORMAT = "dwarf-with-dsym";
				ENABLE_NS_ASSERTIONS = NO;
				ENABLE_STRICT_OBJC_MSGSEND = YES;
				GCC_C_LANGUAGE_STANDARD = gnu11;
				GCC_NO_COMMON_BLOCKS = YES;
				GCC_WARN_64_TO_32_BIT_CONVERSION = YES;
				GCC_WARN_ABOUT_RETURN_TYPE = YES_ERROR;
				GCC_WARN_UNDECLARED_SELECTOR = YES;
				GCC_WARN_UNINITIALIZED_AUTOS = YES_AGGRESSIVE;
				GCC_WARN_UNUSED_FUNCTION = YES;
				GCC_WARN_UNUSED_VARIABLE = YES;
				IPHONEOS_DEPLOYMENT_TARGET = 12.1;
				MTL_ENABLE_DEBUG_INFO = NO;
				MTL_FAST_MATH = YES;
				SDKROOT = iphoneos;
				SWIFT_COMPILATION_MODE = wholemodule;
				SWIFT_OPTIMIZATION_LEVEL = "-O";
				VALIDATE_PRODUCT = YES;
			};
			name = Release;
		};
		A664E2492254EAC5003A349C /* Debug */ = {
			isa = XCBuildConfiguration;
			buildSettings = {
				ASSETCATALOG_COMPILER_APPICON_NAME = AppIcon;
				CODE_SIGN_STYLE = Automatic;
				DEVELOPMENT_TEAM = MCXRU9447H;
				INFOPLIST_FILE = BirthdayTracker/Info.plist;
				LD_RUNPATH_SEARCH_PATHS = (
					"$(inherited)",
					"@executable_path/Frameworks",
				);
				PRODUCT_BUNDLE_IDENTIFIER = CHVORDA.BirthdayTracker;
				PRODUCT_NAME = "$(TARGET_NAME)";
				SWIFT_VERSION = 4.2;
				TARGETED_DEVICE_FAMILY = "1,2";
			};
			name = Debug;
		};
		A664E24A2254EAC5003A349C /* Release */ = {
			isa = XCBuildConfiguration;
			buildSettings = {
				ASSETCATALOG_COMPILER_APPICON_NAME = AppIcon;
				CODE_SIGN_STYLE = Automatic;
				DEVELOPMENT_TEAM = MCXRU9447H;
				INFOPLIST_FILE = BirthdayTracker/Info.plist;
				LD_RUNPATH_SEARCH_PATHS = (
					"$(inherited)",
					"@executable_path/Frameworks",
				);
				PRODUCT_BUNDLE_IDENTIFIER = CHVORDA.BirthdayTracker;
				PRODUCT_NAME = "$(TARGET_NAME)";
				SWIFT_VERSION = 4.2;
				TARGETED_DEVICE_FAMILY = "1,2";
			};
			name = Release;
		};
/* End XCBuildConfiguration section */

/* Begin XCConfigurationList section */
		A664E22E2254EAC3003A349C /* Build configuration list for PBXProject "BirthdayTracker" */ = {
			isa = XCConfigurationList;
			buildConfigurations = (
				A664E2462254EAC5003A349C /* Debug */,
				A664E2472254EAC5003A349C /* Release */,
			);
			defaultConfigurationIsVisible = 0;
			defaultConfigurationName = Release;
		};
		A664E2482254EAC5003A349C /* Build configuration list for PBXNativeTarget "BirthdayTracker" */ = {
			isa = XCConfigurationList;
			buildConfigurations = (
				A664E2492254EAC5003A349C /* Debug */,
				A664E24A2254EAC5003A349C /* Release */,
			);
			defaultConfigurationIsVisible = 0;
			defaultConfigurationName = Release;
		};
/* End XCConfigurationList section */

/* Begin XCVersionGroup section */
		A664E23D2254EAC3003A349C /* BirthdayTracker.xcdatamodeld */ = {
			isa = XCVersionGroup;
			children = (
				A664E23E2254EAC3003A349C /* BirthdayTracker.xcdatamodel */,
			);
			currentVersion = A664E23E2254EAC3003A349C /* BirthdayTracker.xcdatamodel */;
			path = BirthdayTracker.xcdatamodeld;
			sourceTree = "<group>";
			versionGroupType = wrapper.xcdatamodel;
		};
/* End XCVersionGroup section */
	};
	rootObject = A664E22B2254EAC3003A349C /* Project object */;
}
